
Microsoft Visual Studio Solution File, Format Version 12.00
# Visual Studio Version 16
VisualStudioVersion = 16.0.31702.278
MinimumVisualStudioVersion = 10.0.40219.1
Project("{8BC9CEB8-8B4A-11D0-8D11-00A0C91BC942}") = "Lab Sheet 3 Part C", "Lab Sheet 3 Part C\Lab Sheet 3 Part C.vcxproj", "{5DCF670F-58AE-48A9-B930-02D3B715B2BA}"
EndProject
Global
	GlobalSection(SolutionConfigurationPlatforms) = preSolution
		Debug|x64 = Debug|x64
		Debug|x86 = Debug|x86
		Release|x64 = Release|x64
		Release|x86 = Release|x86
	EndGlobalSection
	GlobalSection(ProjectConfigurationPlatforms) = postSolution
		{5DCF670F-58AE-48A9-B930-02D3B715B2BA}.Debug|x64.ActiveCfg = Debug|x64
		{5DCF670F-58AE-48A9-B930-02D3B715B2BA}.Debug|x64.Build.0 = Debug|x64
		{5DCF670F-58AE-48A9-B930-02D3B715B2BA}.Debug|x86.ActiveCfg = Debug|Win32
		{5DCF670F-58AE-48A9-B930-02D3B715B2BA}.Debug|x86.Build.0 = Debug|Win32
		{5DCF670F-58AE-48A9-B930-02D3B715B2BA}.Release|x64.ActiveCfg = Release|x64
		{5DCF670F-58AE-48A9-B930-02D3B715B2BA}.Release|x64.Build.0 = Release|x64
		{5DCF670F-58AE-48A9-B930-02D3B715B2BA}.Release|x86.ActiveCfg = Release|Win32
		{5DCF670F-58AE-48A9-B930-02D3B715B2BA}.Release|x86.Build.0 = Release|Win32
	EndGlobalSection
	GlobalSection(SolutionProperties) = preSolution
		HideSolutionNode = FALSE
	EndGlobalSection
	GlobalSection(ExtensibilityGlobals) = postSolution
		SolutionGuid = {015A4C45-DB2C-46DE-9504-011D619F5604}
	EndGlobalSection
EndGlobal
